<?xml version="1.0" encoding="utf-8"?>
<Project ToolsVersion="4.0" xmlns="http://schemas.microsoft.com/developer/msbuild/2003">
  <ItemGroup>
    <Filter Include="General">
      <UniqueIdentifier>{4FC737F1-C7A5-4376-A066-2A32D752A2FF}</UniqueIdentifier>
      <Extensions>cpp;c;cc;cxx;def;odl;idl;hpj;bat;asm;asmx</Extensions>
    </Filter>
  </ItemGroup>
  <ItemGroup>
    <ClCompile Include="Main_Win32.cpp">
      <Filter>General</Filter>
    </ClCompile>
    <ClCompile Include="App.cpp">
      <Filter>General</Filter>
    </ClCompile>
    <ClCompile Include="Game.cpp">
      <Filter>General</Filter>
    </ClCompile>
    <ClCompile Include="GameCommon.cpp">
      <Filter>General</Filter>
    </ClCompile>
    <ClCompile Include="Entity.cpp">
      <Filter>General</Filter>
    </ClCompile>
    <ClCompile Include="Map.cpp">
      <Filter>General</Filter>
    </ClCompile>
    <ClCompile Include="Tank.cpp">
      <Filter>General</Filter>
    </ClCompile>
    <ClCompile Include="Tiles.cpp">
      <Filter>General</Filter>
    </ClCompile>
    <ClCompile Include="Camera.cpp">
      <Filter>General</Filter>
    </ClCompile>
    <ClCompile Include="EnemyTank.cpp">
      <Filter>General</Filter>
    </ClCompile>
    <ClCompile Include="EnemyTurret.cpp">
      <Filter>General</Filter>
    </ClCompile>
    <ClCompile Include="Bullet.cpp">
      <Filter>General</Filter>
    </ClCompile>
    <ClCompile Include="TileDefinitions.cpp">
      <Filter>General</Filter>
    </ClCompile>
    <ClCompile Include="Explosion.cpp">
      <Filter>General</Filter>
    </ClCompile>
    <ClCompile Include="Canvas.cpp">
      <Filter>General</Filter>
    </ClCompile>
    <ClCompile Include="Extras.cpp">
      <Filter>General</Filter>
    </ClCompile>
    <ClCompile Include="AllyTank.cpp">
      <Filter>General</Filter>
    </ClCompile>
  </ItemGroup>
  <ItemGroup>
    <ClInclude Include="App.hpp">
      <Filter>General</Filter>
    </ClInclude>
    <ClInclude Include="Game.hpp">
      <Filter>General</Filter>
    </ClInclude>
    <ClInclude Include="GameCommon.hpp">
      <Filter>General</Filter>
    </ClInclude>
    <ClInclude Include="Entity.hpp">
      <Filter>General</Filter>
    </ClInclude>
    <ClInclude Include="Map.hpp">
      <Filter>General</Filter>
    </ClInclude>
    <ClInclude Include="Tank.hpp">
      <Filter>General</Filter>
    </ClInclude>
    <ClInclude Include="Tiles.hpp">
      <Filter>General</Filter>
    </ClInclude>
    <ClInclude Include="Camera.hpp">
      <Filter>General</Filter>
    </ClInclude>
    <ClInclude Include="EnemyTank.hpp">
      <Filter>General</Filter>
    </ClInclude>
    <ClInclude Include="EnemyTurret.hpp">
      <Filter>General</Filter>
    </ClInclude>
    <ClInclude Include="Bullet.hpp">
      <Filter>General</Filter>
    </ClInclude>
    <ClInclude Include="TileDefinitions.hpp">
      <Filter>General</Filter>
    </ClInclude>
    <ClInclude Include="Explosion.hpp">
      <Filter>General</Filter>
    </ClInclude>
    <ClInclude Include="EngineBuildPreferences.hpp">
      <Filter>General</Filter>
    </ClInclude>
    <ClInclude Include="Canvas.hpp">
      <Filter>General</Filter>
    </ClInclude>
    <ClInclude Include="Extras.hpp">
      <Filter>General</Filter>
    </ClInclude>
    <ClInclude Include="AllyTank.hpp">
      <Filter>General</Filter>
    </ClInclude>
  </ItemGroup>
</Project>